
Microsoft Visual Studio Solution File, Format Version 12.00
# Visual Studio Version 17
VisualStudioVersion = 17.5.33627.172
MinimumVisualStudioVersion = 10.0.40219.1
Project("{2150E333-8FDC-42A3-9474-1A3956D46DE8}") = "Microservices", "Microservices", "{D5E59573-2CC3-4B31-AE02-F61FD1FE8410}"
EndProject
Project("{2150E333-8FDC-42A3-9474-1A3956D46DE8}") = "Domain", "Domain", "{0606E43C-2EBC-4949-8F99-F925EA708679}"
EndProject
Project("{2150E333-8FDC-42A3-9474-1A3956D46DE8}") = "Infra.Bus", "Infra.Bus", "{3AEA4241-B76F-4E6C-9F51-FA76E5BAF4AC}"
EndProject
Project("{2150E333-8FDC-42A3-9474-1A3956D46DE8}") = "Infra.IoC", "Infra.IoC", "{A7063A51-62BF-4D43-A667-D82D8C7AD777}"
EndProject
Project("{2150E333-8FDC-42A3-9474-1A3956D46DE8}") = "Presentation", "Presentation", "{6ABB5415-DEC7-48F2-8275-2137EEE51E2E}"
EndProject
Project("{9A19103F-16F7-4668-BE54-9A1E7A4F7556}") = "MicroRabbit.Domain.Core", "MicroRabbit.Domain.Core\MicroRabbit.Domain.Core.csproj", "{5EEA2459-EC2F-4122-8320-1845B72E78CC}"
EndProject
Project("{9A19103F-16F7-4668-BE54-9A1E7A4F7556}") = "MicroRabbit.Info.Bus", "MicroRabbit.Info.Bus\MicroRabbit.Info.Bus.csproj", "{819314B3-08BF-4B63-8A53-C968E136B117}"
EndProject
Project("{9A19103F-16F7-4668-BE54-9A1E7A4F7556}") = "MicroRabbit.IoC", "MicroRabbit.IoC\MicroRabbit.IoC.csproj", "{9EFD999B-5FA4-411F-8974-E6A662DA57EA}"
EndProject
Project("{2150E333-8FDC-42A3-9474-1A3956D46DE8}") = "Banking", "Banking", "{DE44DA7C-1D1E-4C54-AF84-37D1FBC9BFDB}"
EndProject
Project("{2150E333-8FDC-42A3-9474-1A3956D46DE8}") = "Application", "Application", "{5FA660FF-A78F-42C5-B963-6D0FCD9D5F83}"
EndProject
Project("{2150E333-8FDC-42A3-9474-1A3956D46DE8}") = "Data", "Data", "{536E3D3E-9B45-4AAD-95E3-B1B337D16FC1}"
EndProject
Project("{2150E333-8FDC-42A3-9474-1A3956D46DE8}") = "Domain", "Domain", "{D2D2642A-BC68-4E28-9E63-EDB506AC6959}"
EndProject
Project("{2150E333-8FDC-42A3-9474-1A3956D46DE8}") = "Api", "Api", "{7706C9F0-D06F-4BE0-80B9-3D168A17EDD1}"
EndProject
Project("{9A19103F-16F7-4668-BE54-9A1E7A4F7556}") = "MicroRabbit.Banking.Application", "MicroRabbit.Banking.Application\MicroRabbit.Banking.Application.csproj", "{CC948BA6-5735-4166-8A5B-97162F3A924F}"
EndProject
Project("{9A19103F-16F7-4668-BE54-9A1E7A4F7556}") = "MicroRabbit.Banking.Data", "MicroRabbit.Banking.Data\MicroRabbit.Banking.Data.csproj", "{D95D520A-AC26-4C24-AFC3-25C6792D9C2E}"
EndProject
Project("{9A19103F-16F7-4668-BE54-9A1E7A4F7556}") = "MicroRabbit.Banking.Domain", "MicroRabbit.Banking.Domain\MicroRabbit.Banking.Domain.csproj", "{035B9663-6380-485D-A9EA-CBD083FF57E3}"
EndProject
Project("{9A19103F-16F7-4668-BE54-9A1E7A4F7556}") = "MicroRabbit.Banking.Api", "MicroRabbit.Banking.Api\MicroRabbit.Banking.Api.csproj", "{11249EA2-5787-49CF-B3D7-F63064A572AD}"
EndProject
Project("{2150E333-8FDC-42A3-9474-1A3956D46DE8}") = "Transfer", "Transfer", "{0BBB5207-9E30-41F3-9E3C-1D58375809A0}"
EndProject
Project("{2150E333-8FDC-42A3-9474-1A3956D46DE8}") = "Api", "Api", "{CEEF42D8-6A89-406F-B1D0-8070D8D25071}"
EndProject
Project("{2150E333-8FDC-42A3-9474-1A3956D46DE8}") = "Application", "Application", "{C1D6887D-AD48-43EB-A4AC-B1B317440C03}"
EndProject
Project("{2150E333-8FDC-42A3-9474-1A3956D46DE8}") = "Data", "Data", "{87052E58-B1E6-4950-875B-D021C31AEC46}"
EndProject
Project("{2150E333-8FDC-42A3-9474-1A3956D46DE8}") = "Domain", "Domain", "{D3B9989D-8C9C-446D-BFFE-56C325AC2597}"
EndProject
Project("{9A19103F-16F7-4668-BE54-9A1E7A4F7556}") = "MicroRabbit.Transfer.api", "MicroRabbit.Transfer.api\MicroRabbit.Transfer.api.csproj", "{76CA5CE3-CACC-4284-966B-789818784E82}"
EndProject
Project("{9A19103F-16F7-4668-BE54-9A1E7A4F7556}") = "MicroRabbit.Transfer.Application", "MicroRabbit.Transfer.Application\MicroRabbit.Transfer.Application.csproj", "{EA203729-670A-4946-9AA8-181DAADFD21E}"
EndProject
Project("{9A19103F-16F7-4668-BE54-9A1E7A4F7556}") = "MicroRabbit.Transfer.Domain", "MicroRabbit.Transfer.Domain\MicroRabbit.Transfer.Domain.csproj", "{92B191B3-22D0-4E25-A034-F7F95426C984}"
EndProject
Project("{9A19103F-16F7-4668-BE54-9A1E7A4F7556}") = "MicroRabbit.Transfer.Data", "MicroRabbit.Transfer.Data\MicroRabbit.Transfer.Data.csproj", "{5915C6C6-BD99-411A-8C3C-ACF11F010798}"
EndProject
Project("{2150E333-8FDC-42A3-9474-1A3956D46DE8}") = "SolutionItems", "SolutionItems", "{02FC0B85-24FE-4D20-8399-8CA61C073120}"
	ProjectSection(SolutionItems) = preProject
		solutionItem.txt = solutionItem.txt
	EndProjectSection
EndProject
Project("{FAE04EC0-301F-11D3-BF4B-00C04F79EFBC}") = "MicroRabbit.MVC", "MicroRabbit.MVC\MicroRabbit.MVC.csproj", "{3D3D398B-748E-495C-8C90-9F47FE481DC9}"
EndProject
Global
	GlobalSection(SolutionConfigurationPlatforms) = preSolution
		Debug|Any CPU = Debug|Any CPU
		Release|Any CPU = Release|Any CPU
	EndGlobalSection
	GlobalSection(ProjectConfigurationPlatforms) = postSolution
		{5EEA2459-EC2F-4122-8320-1845B72E78CC}.Debug|Any CPU.ActiveCfg = Debug|Any CPU
		{5EEA2459-EC2F-4122-8320-1845B72E78CC}.Debug|Any CPU.Build.0 = Debug|Any CPU
		{5EEA2459-EC2F-4122-8320-1845B72E78CC}.Release|Any CPU.ActiveCfg = Release|Any CPU
		{5EEA2459-EC2F-4122-8320-1845B72E78CC}.Release|Any CPU.Build.0 = Release|Any CPU
		{819314B3-08BF-4B63-8A53-C968E136B117}.Debug|Any CPU.ActiveCfg = Debug|Any CPU
		{819314B3-08BF-4B63-8A53-C968E136B117}.Debug|Any CPU.Build.0 = Debug|Any CPU
		{819314B3-08BF-4B63-8A53-C968E136B117}.Release|Any CPU.ActiveCfg = Release|Any CPU
		{819314B3-08BF-4B63-8A53-C968E136B117}.Release|Any CPU.Build.0 = Release|Any CPU
		{9EFD999B-5FA4-411F-8974-E6A662DA57EA}.Debug|Any CPU.ActiveCfg = Debug|Any CPU
		{9EFD999B-5FA4-411F-8974-E6A662DA57EA}.Debug|Any CPU.Build.0 = Debug|Any CPU
		{9EFD999B-5FA4-411F-8974-E6A662DA57EA}.Release|Any CPU.ActiveCfg = Release|Any CPU
		{9EFD999B-5FA4-411F-8974-E6A662DA57EA}.Release|Any CPU.Build.0 = Release|Any CPU
		{CC948BA6-5735-4166-8A5B-97162F3A924F}.Debug|Any CPU.ActiveCfg = Debug|Any CPU
		{CC948BA6-5735-4166-8A5B-97162F3A924F}.Debug|Any CPU.Build.0 = Debug|Any CPU
		{CC948BA6-5735-4166-8A5B-97162F3A924F}.Release|Any CPU.ActiveCfg = Release|Any CPU
		{CC948BA6-5735-4166-8A5B-97162F3A924F}.Release|Any CPU.Build.0 = Release|Any CPU
		{D95D520A-AC26-4C24-AFC3-25C6792D9C2E}.Debug|Any CPU.ActiveCfg = Debug|Any CPU
		{D95D520A-AC26-4C24-AFC3-25C6792D9C2E}.Debug|Any CPU.Build.0 = Debug|Any CPU
		{D95D520A-AC26-4C24-AFC3-25C6792D9C2E}.Release|Any CPU.ActiveCfg = Release|Any CPU
		{D95D520A-AC26-4C24-AFC3-25C6792D9C2E}.Release|Any CPU.Build.0 = Release|Any CPU
		{035B9663-6380-485D-A9EA-CBD083FF57E3}.Debug|Any CPU.ActiveCfg = Debug|Any CPU
		{035B9663-6380-485D-A9EA-CBD083FF57E3}.Debug|Any CPU.Build.0 = Debug|Any CPU
		{035B9663-6380-485D-A9EA-CBD083FF57E3}.Release|Any CPU.ActiveCfg = Release|Any CPU
		{035B9663-6380-485D-A9EA-CBD083FF57E3}.Release|Any CPU.Build.0 = Release|Any CPU
		{11249EA2-5787-49CF-B3D7-F63064A572AD}.Debug|Any CPU.ActiveCfg = Debug|Any CPU
		{11249EA2-5787-49CF-B3D7-F63064A572AD}.Debug|Any CPU.Build.0 = Debug|Any CPU
		{11249EA2-5787-49CF-B3D7-F63064A572AD}.Release|Any CPU.ActiveCfg = Release|Any CPU
		{11249EA2-5787-49CF-B3D7-F63064A572AD}.Release|Any CPU.Build.0 = Release|Any CPU
		{76CA5CE3-CACC-4284-966B-789818784E82}.Debug|Any CPU.ActiveCfg = Debug|Any CPU
		{76CA5CE3-CACC-4284-966B-789818784E82}.Debug|Any CPU.Build.0 = Debug|Any CPU
		{76CA5CE3-CACC-4284-966B-789818784E82}.Release|Any CPU.ActiveCfg = Release|Any CPU
		{76CA5CE3-CACC-4284-966B-789818784E82}.Release|Any CPU.Build.0 = Release|Any CPU
		{EA203729-670A-4946-9AA8-181DAADFD21E}.Debug|Any CPU.ActiveCfg = Debug|Any CPU
		{EA203729-670A-4946-9AA8-181DAADFD21E}.Debug|Any CPU.Build.0 = Debug|Any CPU
		{EA203729-670A-4946-9AA8-181DAADFD21E}.Release|Any CPU.ActiveCfg = Release|Any CPU
		{EA203729-670A-4946-9AA8-181DAADFD21E}.Release|Any CPU.Build.0 = Release|Any CPU
		{92B191B3-22D0-4E25-A034-F7F95426C984}.Debug|Any CPU.ActiveCfg = Debug|Any CPU
		{92B191B3-22D0-4E25-A034-F7F95426C984}.Debug|Any CPU.Build.0 = Debug|Any CPU
		{92B191B3-22D0-4E25-A034-F7F95426C984}.Release|Any CPU.ActiveCfg = Release|Any CPU
		{92B191B3-22D0-4E25-A034-F7F95426C984}.Release|Any CPU.Build.0 = Release|Any CPU
		{5915C6C6-BD99-411A-8C3C-ACF11F010798}.Debug|Any CPU.ActiveCfg = Debug|Any CPU
		{5915C6C6-BD99-411A-8C3C-ACF11F010798}.Debug|Any CPU.Build.0 = Debug|Any CPU
		{5915C6C6-BD99-411A-8C3C-ACF11F010798}.Release|Any CPU.ActiveCfg = Release|Any CPU
		{5915C6C6-BD99-411A-8C3C-ACF11F010798}.Release|Any CPU.Build.0 = Release|Any CPU
		{3D3D398B-748E-495C-8C90-9F47FE481DC9}.Debug|Any CPU.ActiveCfg = Debug|Any CPU
		{3D3D398B-748E-495C-8C90-9F47FE481DC9}.Debug|Any CPU.Build.0 = Debug|Any CPU
		{3D3D398B-748E-495C-8C90-9F47FE481DC9}.Release|Any CPU.ActiveCfg = Release|Any CPU
		{3D3D398B-748E-495C-8C90-9F47FE481DC9}.Release|Any CPU.Build.0 = Release|Any CPU
	EndGlobalSection
	GlobalSection(SolutionProperties) = preSolution
		HideSolutionNode = FALSE
	EndGlobalSection
	GlobalSection(NestedProjects) = preSolution
		{5EEA2459-EC2F-4122-8320-1845B72E78CC} = {0606E43C-2EBC-4949-8F99-F925EA708679}
		{819314B3-08BF-4B63-8A53-C968E136B117} = {3AEA4241-B76F-4E6C-9F51-FA76E5BAF4AC}
		{9EFD999B-5FA4-411F-8974-E6A662DA57EA} = {A7063A51-62BF-4D43-A667-D82D8C7AD777}
		{DE44DA7C-1D1E-4C54-AF84-37D1FBC9BFDB} = {D5E59573-2CC3-4B31-AE02-F61FD1FE8410}
		{5FA660FF-A78F-42C5-B963-6D0FCD9D5F83} = {DE44DA7C-1D1E-4C54-AF84-37D1FBC9BFDB}
		{536E3D3E-9B45-4AAD-95E3-B1B337D16FC1} = {DE44DA7C-1D1E-4C54-AF84-37D1FBC9BFDB}
		{D2D2642A-BC68-4E28-9E63-EDB506AC6959} = {DE44DA7C-1D1E-4C54-AF84-37D1FBC9BFDB}
		{7706C9F0-D06F-4BE0-80B9-3D168A17EDD1} = {DE44DA7C-1D1E-4C54-AF84-37D1FBC9BFDB}
		{CC948BA6-5735-4166-8A5B-97162F3A924F} = {5FA660FF-A78F-42C5-B963-6D0FCD9D5F83}
		{D95D520A-AC26-4C24-AFC3-25C6792D9C2E} = {536E3D3E-9B45-4AAD-95E3-B1B337D16FC1}
		{035B9663-6380-485D-A9EA-CBD083FF57E3} = {D2D2642A-BC68-4E28-9E63-EDB506AC6959}
		{11249EA2-5787-49CF-B3D7-F63064A572AD} = {7706C9F0-D06F-4BE0-80B9-3D168A17EDD1}
		{0BBB5207-9E30-41F3-9E3C-1D58375809A0} = {D5E59573-2CC3-4B31-AE02-F61FD1FE8410}
		{CEEF42D8-6A89-406F-B1D0-8070D8D25071} = {0BBB5207-9E30-41F3-9E3C-1D58375809A0}
		{C1D6887D-AD48-43EB-A4AC-B1B317440C03} = {0BBB5207-9E30-41F3-9E3C-1D58375809A0}
		{87052E58-B1E6-4950-875B-D021C31AEC46} = {0BBB5207-9E30-41F3-9E3C-1D58375809A0}
		{D3B9989D-8C9C-446D-BFFE-56C325AC2597} = {0BBB5207-9E30-41F3-9E3C-1D58375809A0}
		{76CA5CE3-CACC-4284-966B-789818784E82} = {CEEF42D8-6A89-406F-B1D0-8070D8D25071}
		{EA203729-670A-4946-9AA8-181DAADFD21E} = {C1D6887D-AD48-43EB-A4AC-B1B317440C03}
		{92B191B3-22D0-4E25-A034-F7F95426C984} = {D3B9989D-8C9C-446D-BFFE-56C325AC2597}
		{5915C6C6-BD99-411A-8C3C-ACF11F010798} = {87052E58-B1E6-4950-875B-D021C31AEC46}
		{3D3D398B-748E-495C-8C90-9F47FE481DC9} = {6ABB5415-DEC7-48F2-8275-2137EEE51E2E}
	EndGlobalSection
	GlobalSection(ExtensibilityGlobals) = postSolution
		SolutionGuid = {C2006466-8037-4932-88E1-57E3ED48793A}
	EndGlobalSection
EndGlobal
